// !$*UTF8*$!
{
	archiveVersion = 1;
	classes = {
	};
	objectVersion = 51;
	objects = {

/* Begin PBXBuildFile section */
		9994E24D6BCDF750DF4473D9 /* Pods_MontyAPRS.framework in Frameworks */ = {isa = PBXBuildFile; fileRef = BBD91CB4663F0EDD561E74D3 /* Pods_MontyAPRS.framework */; };
		E00FED71218E7ED500EF2FEE /* AprsIcons.swift in Sources */ = {isa = PBXBuildFile; fileRef = E00FED70218E7ED500EF2FEE /* AprsIcons.swift */; };
		E01C7344216D88F90000E137 /* AX25.swift in Sources */ = {isa = PBXBuildFile; fileRef = E01C7343216D88F90000E137 /* AX25.swift */; };
		E02674032156A5BE006310FC /* CocoaAsyncSocket.framework in Frameworks */ = {isa = PBXBuildFile; fileRef = E02674022156A5BE006310FC /* CocoaAsyncSocket.framework */; };
		E03C8A55216087C70072016B /* AprsBeaconHandler.swift in Sources */ = {isa = PBXBuildFile; fileRef = E03C8A54216087C70072016B /* AprsBeaconHandler.swift */; };
		E057EB62218FD3A7008399F0 /* AprsBeaconStore.swift in Sources */ = {isa = PBXBuildFile; fileRef = E057EB61218FD3A7008399F0 /* AprsBeaconStore.swift */; };
		E098578D2185261A005DA024 /* Preferences.storyboard in Resources */ = {isa = PBXBuildFile; fileRef = E098578C2185261A005DA024 /* Preferences.storyboard */; };
		E098578F21853AFD005DA024 /* PreferencesViewController.swift in Sources */ = {isa = PBXBuildFile; fileRef = E098578E21853AFD005DA024 /* PreferencesViewController.swift */; };
		E099AB06215B23A0009166E1 /* APRSBeacon.swift in Sources */ = {isa = PBXBuildFile; fileRef = E099AB05215B23A0009166E1 /* APRSBeacon.swift */; };
		E099AB10215FF10D009166E1 /* APRSData.swift in Sources */ = {isa = PBXBuildFile; fileRef = E099AB0F215FF10D009166E1 /* APRSData.swift */; };
		E099AB12215FFBA5009166E1 /* APRSParser.swift in Sources */ = {isa = PBXBuildFile; fileRef = E099AB11215FFBA5009166E1 /* APRSParser.swift */; };
		E0A0B4F921568FBD00DAB7BC /* KISS.swift in Sources */ = {isa = PBXBuildFile; fileRef = E0A0B4F821568FBD00DAB7BC /* KISS.swift */; };
		E0B9AF3D215454BD00D7CEBE /* AppDelegate.swift in Sources */ = {isa = PBXBuildFile; fileRef = E0B9AF3C215454BD00D7CEBE /* AppDelegate.swift */; };
		E0B9AF3F215454BD00D7CEBE /* ViewController.swift in Sources */ = {isa = PBXBuildFile; fileRef = E0B9AF3E215454BD00D7CEBE /* ViewController.swift */; };
		E0B9AF41215454BF00D7CEBE /* Assets.xcassets in Resources */ = {isa = PBXBuildFile; fileRef = E0B9AF40215454BF00D7CEBE /* Assets.xcassets */; };
		E0B9AF44215454BF00D7CEBE /* Main.storyboard in Resources */ = {isa = PBXBuildFile; fileRef = E0B9AF42215454BF00D7CEBE /* Main.storyboard */; };
		E0C4BF712198E5A9008432A6 /* AprsManager.swift in Sources */ = {isa = PBXBuildFile; fileRef = E0C4BF702198E5A9008432A6 /* AprsManager.swift */; };
		E0E9C93D216189DC0010E1A5 /* APRSBeaconTests.swift in Sources */ = {isa = PBXBuildFile; fileRef = E0E9C93B216189C10010E1A5 /* APRSBeaconTests.swift */; };
		E0F06FA6219452420037F011 /* AprsBeaconStoreTests.swift in Sources */ = {isa = PBXBuildFile; fileRef = E0F06FA5219452420037F011 /* AprsBeaconStoreTests.swift */; };
		E0F06FA8219459DB0037F011 /* AprsBeaconStoreDelegate.swift in Sources */ = {isa = PBXBuildFile; fileRef = E0F06FA7219459DB0037F011 /* AprsBeaconStoreDelegate.swift */; };
/* End PBXBuildFile section */

/* Begin PBXContainerItemProxy section */
		E0E9C9342161893A0010E1A5 /* PBXContainerItemProxy */ = {
			isa = PBXContainerItemProxy;
			containerPortal = E0B9AF31215454BD00D7CEBE /* Project object */;
			proxyType = 1;
			remoteGlobalIDString = E0B9AF38215454BD00D7CEBE;
			remoteInfo = MontyAPRS;
		};
/* End PBXContainerItemProxy section */

/* Begin PBXFileReference section */
		42FC40ED9D6A9C83466F6108 /* Pods-MontyAPRS.release.xcconfig */ = {isa = PBXFileReference; includeInIndex = 1; lastKnownFileType = text.xcconfig; name = "Pods-MontyAPRS.release.xcconfig"; path = "Pods/Target Support Files/Pods-MontyAPRS/Pods-MontyAPRS.release.xcconfig"; sourceTree = "<group>"; };
		830834C1F8BCCBA13A5A62AA /* Pods-MontyAPRS.debug.xcconfig */ = {isa = PBXFileReference; includeInIndex = 1; lastKnownFileType = text.xcconfig; name = "Pods-MontyAPRS.debug.xcconfig"; path = "Pods/Target Support Files/Pods-MontyAPRS/Pods-MontyAPRS.debug.xcconfig"; sourceTree = "<group>"; };
		BBD91CB4663F0EDD561E74D3 /* Pods_MontyAPRS.framework */ = {isa = PBXFileReference; explicitFileType = wrapper.framework; includeInIndex = 0; path = Pods_MontyAPRS.framework; sourceTree = BUILT_PRODUCTS_DIR; };
		E00FED70218E7ED500EF2FEE /* AprsIcons.swift */ = {isa = PBXFileReference; lastKnownFileType = sourcecode.swift; path = AprsIcons.swift; sourceTree = "<group>"; };
		E00FED73218F14D100EF2FEE /* AprsIcons.playground */ = {isa = PBXFileReference; lastKnownFileType = file.playground; path = AprsIcons.playground; sourceTree = "<group>"; xcLanguageSpecificationIdentifier = xcode.lang.swift; };
		E01C733F216D88900000E137 /* APRS Mic-E Parsing.playground */ = {isa = PBXFileReference; lastKnownFileType = file.playground; path = "APRS Mic-E Parsing.playground"; sourceTree = "<group>"; xcLanguageSpecificationIdentifier = xcode.lang.swift; };
		E01C7343216D88F90000E137 /* AX25.swift */ = {isa = PBXFileReference; lastKnownFileType = sourcecode.swift; path = AX25.swift; sourceTree = "<group>"; };
		E02674022156A5BE006310FC /* CocoaAsyncSocket.framework */ = {isa = PBXFileReference; explicitFileType = wrapper.framework; path = CocoaAsyncSocket.framework; sourceTree = BUILT_PRODUCTS_DIR; };
		E03C8A54216087C70072016B /* AprsBeaconHandler.swift */ = {isa = PBXFileReference; lastKnownFileType = sourcecode.swift; path = AprsBeaconHandler.swift; sourceTree = "<group>"; };
		E057EB61218FD3A7008399F0 /* AprsBeaconStore.swift */ = {isa = PBXFileReference; lastKnownFileType = sourcecode.swift; path = AprsBeaconStore.swift; sourceTree = "<group>"; };
		E098578C2185261A005DA024 /* Preferences.storyboard */ = {isa = PBXFileReference; lastKnownFileType = file.storyboard; path = Preferences.storyboard; sourceTree = "<group>"; };
		E098578E21853AFD005DA024 /* PreferencesViewController.swift */ = {isa = PBXFileReference; lastKnownFileType = sourcecode.swift; path = PreferencesViewController.swift; sourceTree = "<group>"; };
		E099AB05215B23A0009166E1 /* APRSBeacon.swift */ = {isa = PBXFileReference; lastKnownFileType = sourcecode.swift; path = APRSBeacon.swift; sourceTree = "<group>"; };
		E099AB0F215FF10D009166E1 /* APRSData.swift */ = {isa = PBXFileReference; lastKnownFileType = sourcecode.swift; path = APRSData.swift; sourceTree = "<group>"; };
		E099AB11215FFBA5009166E1 /* APRSParser.swift */ = {isa = PBXFileReference; lastKnownFileType = sourcecode.swift; path = APRSParser.swift; sourceTree = "<group>"; };
		E0A0B4F821568FBD00DAB7BC /* KISS.swift */ = {isa = PBXFileReference; fileEncoding = 4; lastKnownFileType = sourcecode.swift; path = KISS.swift; sourceTree = "<group>"; };
		E0B9AF39215454BD00D7CEBE /* MontyAPRS.app */ = {isa = PBXFileReference; explicitFileType = wrapper.application; includeInIndex = 0; path = MontyAPRS.app; sourceTree = BUILT_PRODUCTS_DIR; };
		E0B9AF3C215454BD00D7CEBE /* AppDelegate.swift */ = {isa = PBXFileReference; lastKnownFileType = sourcecode.swift; path = AppDelegate.swift; sourceTree = "<group>"; };
		E0B9AF3E215454BD00D7CEBE /* ViewController.swift */ = {isa = PBXFileReference; lastKnownFileType = sourcecode.swift; path = ViewController.swift; sourceTree = "<group>"; };
		E0B9AF40215454BF00D7CEBE /* Assets.xcassets */ = {isa = PBXFileReference; lastKnownFileType = folder.assetcatalog; path = Assets.xcassets; sourceTree = "<group>"; };
		E0B9AF43215454BF00D7CEBE /* Base */ = {isa = PBXFileReference; lastKnownFileType = file.storyboard; name = Base; path = Base.lproj/Main.storyboard; sourceTree = "<group>"; };
		E0B9AF45215454BF00D7CEBE /* Info.plist */ = {isa = PBXFileReference; lastKnownFileType = text.plist.xml; path = Info.plist; sourceTree = "<group>"; };
		E0B9AF46215454BF00D7CEBE /* MontyAPRS.entitlements */ = {isa = PBXFileReference; lastKnownFileType = text.plist.entitlements; path = MontyAPRS.entitlements; sourceTree = "<group>"; };
		E0C4BF702198E5A9008432A6 /* AprsManager.swift */ = {isa = PBXFileReference; lastKnownFileType = sourcecode.swift; path = AprsManager.swift; sourceTree = "<group>"; };
		E0E9C92F2161893A0010E1A5 /* MontyAPRSTests.xctest */ = {isa = PBXFileReference; explicitFileType = wrapper.cfbundle; includeInIndex = 0; path = MontyAPRSTests.xctest; sourceTree = BUILT_PRODUCTS_DIR; };
		E0E9C9332161893A0010E1A5 /* Info.plist */ = {isa = PBXFileReference; lastKnownFileType = text.plist.xml; path = Info.plist; sourceTree = "<group>"; };
		E0E9C93B216189C10010E1A5 /* APRSBeaconTests.swift */ = {isa = PBXFileReference; lastKnownFileType = sourcecode.swift; path = APRSBeaconTests.swift; sourceTree = "<group>"; };
		E0F06FA5219452420037F011 /* AprsBeaconStoreTests.swift */ = {isa = PBXFileReference; lastKnownFileType = sourcecode.swift; path = AprsBeaconStoreTests.swift; sourceTree = "<group>"; };
		E0F06FA7219459DB0037F011 /* AprsBeaconStoreDelegate.swift */ = {isa = PBXFileReference; lastKnownFileType = sourcecode.swift; path = AprsBeaconStoreDelegate.swift; sourceTree = "<group>"; };
/* End PBXFileReference section */

/* Begin PBXFrameworksBuildPhase section */
		E0B9AF36215454BD00D7CEBE /* Frameworks */ = {
			isa = PBXFrameworksBuildPhase;
			buildActionMask = 2147483647;
			files = (
				E02674032156A5BE006310FC /* CocoaAsyncSocket.framework in Frameworks */,
				9994E24D6BCDF750DF4473D9 /* Pods_MontyAPRS.framework in Frameworks */,
			);
			runOnlyForDeploymentPostprocessing = 0;
		};
		E0E9C92C2161893A0010E1A5 /* Frameworks */ = {
			isa = PBXFrameworksBuildPhase;
			buildActionMask = 2147483647;
			files = (
			);
			runOnlyForDeploymentPostprocessing = 0;
		};
/* End PBXFrameworksBuildPhase section */

/* Begin PBXGroup section */
		093DEBEC8D7EBD82DE20F23E /* Frameworks */ = {
			isa = PBXGroup;
			children = (
				E02674022156A5BE006310FC /* CocoaAsyncSocket.framework */,
				BBD91CB4663F0EDD561E74D3 /* Pods_MontyAPRS.framework */,
			);
			name = Frameworks;
			sourceTree = "<group>";
		};
		38C346130BD025B87B40C142 /* Pods */ = {
			isa = PBXGroup;
			children = (
				830834C1F8BCCBA13A5A62AA /* Pods-MontyAPRS.debug.xcconfig */,
				42FC40ED9D6A9C83466F6108 /* Pods-MontyAPRS.release.xcconfig */,
			);
			name = Pods;
			sourceTree = "<group>";
		};
		E01C7340216D88900000E137 /* Playgrounds */ = {
			isa = PBXGroup;
			children = (
				E00FED73218F14D100EF2FEE /* AprsIcons.playground */,
				E01C733F216D88900000E137 /* APRS Mic-E Parsing.playground */,
			);
			name = Playgrounds;
			path = /Users/bmontgom/development/xcode/MontyAPRS/Playgrounds;
			sourceTree = "<absolute>";
		};
		E098578B218525DE005DA024 /* Storyboards */ = {
			isa = PBXGroup;
			children = (
				E0B9AF42215454BF00D7CEBE /* Main.storyboard */,
				E098578C2185261A005DA024 /* Preferences.storyboard */,
			);
			path = Storyboards;
			sourceTree = "<group>";
		};
		E099AB0B215FEEF4009166E1 /* Protocols */ = {
			isa = PBXGroup;
			children = (
				E099AB0F215FF10D009166E1 /* APRSData.swift */,
				E099AB11215FFBA5009166E1 /* APRSParser.swift */,
				E03C8A54216087C70072016B /* AprsBeaconHandler.swift */,
				E0F06FA7219459DB0037F011 /* AprsBeaconStoreDelegate.swift */,
			);
			path = Protocols;
			sourceTree = "<group>";
		};
		E099AB0E215FEF0B009166E1 /* Parsers */ = {
			isa = PBXGroup;
			children = (
				E0A0B4F821568FBD00DAB7BC /* KISS.swift */,
				E01C7343216D88F90000E137 /* AX25.swift */,
				E099AB05215B23A0009166E1 /* APRSBeacon.swift */,
			);
			name = Parsers;
			path = MontyAPRS/Parsers;
			sourceTree = SOURCE_ROOT;
		};
		E0B9AF30215454BD00D7CEBE = {
			isa = PBXGroup;
			children = (
				E0B9AF3B215454BD00D7CEBE /* MontyAPRS */,
				E0E9C9302161893A0010E1A5 /* MontyAPRSTests */,
				E01C7340216D88900000E137 /* Playgrounds */,
				E0B9AF3A215454BD00D7CEBE /* Products */,
				38C346130BD025B87B40C142 /* Pods */,
				093DEBEC8D7EBD82DE20F23E /* Frameworks */,
			);
			sourceTree = "<group>";
		};
		E0B9AF3A215454BD00D7CEBE /* Products */ = {
			isa = PBXGroup;
			children = (
				E0B9AF39215454BD00D7CEBE /* MontyAPRS.app */,
				E0E9C92F2161893A0010E1A5 /* MontyAPRSTests.xctest */,
			);
			name = Products;
			sourceTree = "<group>";
		};
		E0B9AF3B215454BD00D7CEBE /* MontyAPRS */ = {
			isa = PBXGroup;
			children = (
				E0B9AF45215454BF00D7CEBE /* Info.plist */,
				E0B9AF46215454BF00D7CEBE /* MontyAPRS.entitlements */,
				E0B9AF40215454BF00D7CEBE /* Assets.xcassets */,
				E0B9AF3C215454BD00D7CEBE /* AppDelegate.swift */,
				E0B9AF3E215454BD00D7CEBE /* ViewController.swift */,
				E057EB61218FD3A7008399F0 /* AprsBeaconStore.swift */,
				E0C4BF702198E5A9008432A6 /* AprsManager.swift */,
				E098578E21853AFD005DA024 /* PreferencesViewController.swift */,
				E00FED70218E7ED500EF2FEE /* AprsIcons.swift */,
				E098578B218525DE005DA024 /* Storyboards */,
				E099AB0E215FEF0B009166E1 /* Parsers */,
				E099AB0B215FEEF4009166E1 /* Protocols */,
			);
			path = MontyAPRS;
			sourceTree = "<group>";
		};
		E0E9C9302161893A0010E1A5 /* MontyAPRSTests */ = {
			isa = PBXGroup;
			children = (
				E0E9C9332161893A0010E1A5 /* Info.plist */,
				E0E9C93B216189C10010E1A5 /* APRSBeaconTests.swift */,
				E0F06FA5219452420037F011 /* AprsBeaconStoreTests.swift */,
			);
			path = MontyAPRSTests;
			sourceTree = "<group>";
		};
/* End PBXGroup section */

/* Begin PBXNativeTarget section */
		E0B9AF38215454BD00D7CEBE /* MontyAPRS */ = {
			isa = PBXNativeTarget;
			buildConfigurationList = E0B9AF5F215454BF00D7CEBE /* Build configuration list for PBXNativeTarget "MontyAPRS" */;
			buildPhases = (
				7BDB0F8F2B968E930A79AEB1 /* [CP] Check Pods Manifest.lock */,
				E0B9AF35215454BD00D7CEBE /* Sources */,
				E0B9AF36215454BD00D7CEBE /* Frameworks */,
				E0B9AF37215454BD00D7CEBE /* Resources */,
				55D873A3811A044AC39B0DE2 /* [CP] Embed Pods Frameworks */,
			);
			buildRules = (
			);
			dependencies = (
			);
			name = MontyAPRS;
			productName = MontyAPRS;
			productReference = E0B9AF39215454BD00D7CEBE /* MontyAPRS.app */;
			productType = "com.apple.product-type.application";
		};
		E0E9C92E2161893A0010E1A5 /* MontyAPRSTests */ = {
			isa = PBXNativeTarget;
			buildConfigurationList = E0E9C9362161893A0010E1A5 /* Build configuration list for PBXNativeTarget "MontyAPRSTests" */;
			buildPhases = (
				E0E9C92B2161893A0010E1A5 /* Sources */,
				E0E9C92C2161893A0010E1A5 /* Frameworks */,
				E0E9C92D2161893A0010E1A5 /* Resources */,
			);
			buildRules = (
			);
			dependencies = (
				E0E9C9352161893A0010E1A5 /* PBXTargetDependency */,
			);
			name = MontyAPRSTests;
			productName = MontyAPRSTests;
			productReference = E0E9C92F2161893A0010E1A5 /* MontyAPRSTests.xctest */;
			productType = "com.apple.product-type.bundle.unit-test";
		};
/* End PBXNativeTarget section */

/* Begin PBXProject section */
		E0B9AF31215454BD00D7CEBE /* Project object */ = {
			isa = PBXProject;
			attributes = {
				LastSwiftUpdateCheck = 1000;
				LastUpgradeCheck = 1000;
				ORGANIZATIONNAME = "Benjamin Montgomery";
				TargetAttributes = {
					E0B9AF38215454BD00D7CEBE = {
						CreatedOnToolsVersion = 10.0;
					};
					E0E9C92E2161893A0010E1A5 = {
						CreatedOnToolsVersion = 10.0;
						TestTargetID = E0B9AF38215454BD00D7CEBE;
					};
				};
			};
			buildConfigurationList = E0B9AF34215454BD00D7CEBE /* Build configuration list for PBXProject "MontyAPRS" */;
			compatibilityVersion = "Xcode 10.0";
			developmentRegion = en;
			hasScannedForEncodings = 0;
			knownRegions = (
				en,
				Base,
			);
			mainGroup = E0B9AF30215454BD00D7CEBE;
			productRefGroup = E0B9AF3A215454BD00D7CEBE /* Products */;
			projectDirPath = "";
			projectRoot = "";
			targets = (
				E0B9AF38215454BD00D7CEBE /* MontyAPRS */,
				E0E9C92E2161893A0010E1A5 /* MontyAPRSTests */,
			);
		};
/* End PBXProject section */

/* Begin PBXResourcesBuildPhase section */
		E0B9AF37215454BD00D7CEBE /* Resources */ = {
			isa = PBXResourcesBuildPhase;
			buildActionMask = 2147483647;
			files = (
				E098578D2185261A005DA024 /* Preferences.storyboard in Resources */,
				E0B9AF41215454BF00D7CEBE /* Assets.xcassets in Resources */,
				E0B9AF44215454BF00D7CEBE /* Main.storyboard in Resources */,
			);
			runOnlyForDeploymentPostprocessing = 0;
		};
		E0E9C92D2161893A0010E1A5 /* Resources */ = {
			isa = PBXResourcesBuildPhase;
			buildActionMask = 2147483647;
			files = (
			);
			runOnlyForDeploymentPostprocessing = 0;
		};
/* End PBXResourcesBuildPhase section */

/* Begin PBXShellScriptBuildPhase section */
		55D873A3811A044AC39B0DE2 /* [CP] Embed Pods Frameworks */ = {
			isa = PBXShellScriptBuildPhase;
			buildActionMask = 2147483647;
			files = (
			);
			inputPaths = (
				"${PODS_ROOT}/Target Support Files/Pods-MontyAPRS/Pods-MontyAPRS-frameworks.sh",
				"${BUILT_PRODUCTS_DIR}/CocoaAsyncSocket/CocoaAsyncSocket.framework",
			);
			name = "[CP] Embed Pods Frameworks";
			outputPaths = (
				"${TARGET_BUILD_DIR}/${FRAMEWORKS_FOLDER_PATH}/CocoaAsyncSocket.framework",
			);
			runOnlyForDeploymentPostprocessing = 0;
			shellPath = /bin/sh;
			shellScript = "\"${PODS_ROOT}/Target Support Files/Pods-MontyAPRS/Pods-MontyAPRS-frameworks.sh\"\n";
			showEnvVarsInLog = 0;
		};
		7BDB0F8F2B968E930A79AEB1 /* [CP] Check Pods Manifest.lock */ = {
			isa = PBXShellScriptBuildPhase;
			buildActionMask = 2147483647;
			files = (
			);
			inputPaths = (
				"${PODS_PODFILE_DIR_PATH}/Podfile.lock",
				"${PODS_ROOT}/Manifest.lock",
			);
			name = "[CP] Check Pods Manifest.lock";
			outputPaths = (
				"$(DERIVED_FILE_DIR)/Pods-MontyAPRS-checkManifestLockResult.txt",
			);
			runOnlyForDeploymentPostprocessing = 0;
			shellPath = /bin/sh;
			shellScript = "diff \"${PODS_PODFILE_DIR_PATH}/Podfile.lock\" \"${PODS_ROOT}/Manifest.lock\" > /dev/null\nif [ $? != 0 ] ; then\n    # print error to STDERR\n    echo \"error: The sandbox is not in sync with the Podfile.lock. Run 'pod install' or update your CocoaPods installation.\" >&2\n    exit 1\nfi\n# This output is used by Xcode 'outputs' to avoid re-running this script phase.\necho \"SUCCESS\" > \"${SCRIPT_OUTPUT_FILE_0}\"\n";
			showEnvVarsInLog = 0;
		};
/* End PBXShellScriptBuildPhase section */

/* Begin PBXSourcesBuildPhase section */
		E0B9AF35215454BD00D7CEBE /* Sources */ = {
			isa = PBXSourcesBuildPhase;
			buildActionMask = 2147483647;
			files = (
				E03C8A55216087C70072016B /* AprsBeaconHandler.swift in Sources */,
				E0C4BF712198E5A9008432A6 /* AprsManager.swift in Sources */,
				E0B9AF3F215454BD00D7CEBE /* ViewController.swift in Sources */,
				E099AB10215FF10D009166E1 /* APRSData.swift in Sources */,
				E0B9AF3D215454BD00D7CEBE /* AppDelegate.swift in Sources */,
				E0F06FA8219459DB0037F011 /* AprsBeaconStoreDelegate.swift in Sources */,
				E01C7344216D88F90000E137 /* AX25.swift in Sources */,
				E098578F21853AFD005DA024 /* PreferencesViewController.swift in Sources */,
				E099AB06215B23A0009166E1 /* APRSBeacon.swift in Sources */,
				E057EB62218FD3A7008399F0 /* AprsBeaconStore.swift in Sources */,
				E0A0B4F921568FBD00DAB7BC /* KISS.swift in Sources */,
				E00FED71218E7ED500EF2FEE /* AprsIcons.swift in Sources */,
				E099AB12215FFBA5009166E1 /* APRSParser.swift in Sources */,
			);
			runOnlyForDeploymentPostprocessing = 0;
		};
		E0E9C92B2161893A0010E1A5 /* Sources */ = {
			isa = PBXSourcesBuildPhase;
			buildActionMask = 2147483647;
			files = (
				E0F06FA6219452420037F011 /* AprsBeaconStoreTests.swift in Sources */,
				E0E9C93D216189DC0010E1A5 /* APRSBeaconTests.swift in Sources */,
			);
			runOnlyForDeploymentPostprocessing = 0;
		};
/* End PBXSourcesBuildPhase section */

/* Begin PBXTargetDependency section */
		E0E9C9352161893A0010E1A5 /* PBXTargetDependency */ = {
			isa = PBXTargetDependency;
			target = E0B9AF38215454BD00D7CEBE /* MontyAPRS */;
			targetProxy = E0E9C9342161893A0010E1A5 /* PBXContainerItemProxy */;
		};
/* End PBXTargetDependency section */

/* Begin PBXVariantGroup section */
		E0B9AF42215454BF00D7CEBE /* Main.storyboard */ = {
			isa = PBXVariantGroup;
			children = (
				E0B9AF43215454BF00D7CEBE /* Base */,
			);
			name = Main.storyboard;
			sourceTree = "<group>";
		};
/* End PBXVariantGroup section */

/* Begin XCBuildConfiguration section */
		E0B9AF5D215454BF00D7CEBE /* Debug */ = {
			isa = XCBuildConfiguration;
			buildSettings = {
				ALWAYS_SEARCH_USER_PATHS = NO;
				CLANG_ANALYZER_NONNULL = YES;
				CLANG_ANALYZER_NUMBER_OBJECT_CONVERSION = YES_AGGRESSIVE;
				CLANG_CXX_LANGUAGE_STANDARD = "gnu++14";
				CLANG_CXX_LIBRARY = "libc++";
				CLANG_ENABLE_MODULES = YES;
				CLANG_ENABLE_OBJC_ARC = YES;
				CLANG_ENABLE_OBJC_WEAK = YES;
				CLANG_WARN_BLOCK_CAPTURE_AUTORELEASING = YES;
				CLANG_WARN_BOOL_CONVERSION = YES;
				CLANG_WARN_COMMA = YES;
				CLANG_WARN_CONSTANT_CONVERSION = YES;
				CLANG_WARN_DEPRECATED_OBJC_IMPLEMENTATIONS = YES;
				CLANG_WARN_DIRECT_OBJC_ISA_USAGE = YES_ERROR;
				CLANG_WARN_DOCUMENTATION_COMMENTS = YES;
				CLANG_WARN_EMPTY_BODY = YES;
				CLANG_WARN_ENUM_CONVERSION = YES;
				CLANG_WARN_INFINITE_RECURSION = YES;
				CLANG_WARN_INT_CONVERSION = YES;
				CLANG_WARN_NON_LITERAL_NULL_CONVERSION = YES;
				CLANG_WARN_OBJC_IMPLICIT_RETAIN_SELF = YES;
				CLANG_WARN_OBJC_LITERAL_CONVERSION = YES;
				CLANG_WARN_OBJC_ROOT_CLASS = YES_ERROR;
				CLANG_WARN_RANGE_LOOP_ANALYSIS = YES;
				CLANG_WARN_STRICT_PROTOTYPES = YES;
				CLANG_WARN_SUSPICIOUS_MOVE = YES;
				CLANG_WARN_UNGUARDED_AVAILABILITY = YES_AGGRESSIVE;
				CLANG_WARN_UNREACHABLE_CODE = YES;
				CLANG_WARN__DUPLICATE_METHOD_MATCH = YES;
				CODE_SIGN_IDENTITY = "-";
				COPY_PHASE_STRIP = NO;
				DEBUG_INFORMATION_FORMAT = dwarf;
				ENABLE_STRICT_OBJC_MSGSEND = YES;
				ENABLE_TESTABILITY = YES;
				GCC_C_LANGUAGE_STANDARD = gnu11;
				GCC_DYNAMIC_NO_PIC = NO;
				GCC_NO_COMMON_BLOCKS = YES;
				GCC_OPTIMIZATION_LEVEL = 0;
				GCC_PREPROCESSOR_DEFINITIONS = (
					"DEBUG=1",
					"$(inherited)",
				);
				GCC_WARN_64_TO_32_BIT_CONVERSION = YES;
				GCC_WARN_ABOUT_RETURN_TYPE = YES_ERROR;
				GCC_WARN_UNDECLARED_SELECTOR = YES;
				GCC_WARN_UNINITIALIZED_AUTOS = YES_AGGRESSIVE;
				GCC_WARN_UNUSED_FUNCTION = YES;
				GCC_WARN_UNUSED_VARIABLE = YES;
				MACOSX_DEPLOYMENT_TARGET = 10.13;
				MTL_ENABLE_DEBUG_INFO = INCLUDE_SOURCE;
				MTL_FAST_MATH = YES;
				ONLY_ACTIVE_ARCH = YES;
				SDKROOT = macosx;
				SWIFT_ACTIVE_COMPILATION_CONDITIONS = DEBUG;
				SWIFT_OPTIMIZATION_LEVEL = "-Onone";
			};
			name = Debug;
		};
		E0B9AF5E215454BF00D7CEBE /* Release */ = {
			isa = XCBuildConfiguration;
			buildSettings = {
				ALWAYS_SEARCH_USER_PATHS = NO;
				CLANG_ANALYZER_NONNULL = YES;
				CLANG_ANALYZER_NUMBER_OBJECT_CONVERSION = YES_AGGRESSIVE;
				CLANG_CXX_LANGUAGE_STANDARD = "gnu++14";
				CLANG_CXX_LIBRARY = "libc++";
				CLANG_ENABLE_MODULES = YES;
				CLANG_ENABLE_OBJC_ARC = YES;
				CLANG_ENABLE_OBJC_WEAK = YES;
				CLANG_WARN_BLOCK_CAPTURE_AUTORELEASING = YES;
				CLANG_WARN_BOOL_CONVERSION = YES;
				CLANG_WARN_COMMA = YES;
				CLANG_WARN_CONSTANT_CONVERSION = YES;
				CLANG_WARN_DEPRECATED_OBJC_IMPLEMENTATIONS = YES;
				CLANG_WARN_DIRECT_OBJC_ISA_USAGE = YES_ERROR;
				CLANG_WARN_DOCUMENTATION_COMMENTS = YES;
				CLANG_WARN_EMPTY_BODY = YES;
				CLANG_WARN_ENUM_CONVERSION = YES;
				CLANG_WARN_INFINITE_RECURSION = YES;
				CLANG_WARN_INT_CONVERSION = YES;
				CLANG_WARN_NON_LITERAL_NULL_CONVERSION = YES;
				CLANG_WARN_OBJC_IMPLICIT_RETAIN_SELF = YES;
				CLANG_WARN_OBJC_LITERAL_CONVERSION = YES;
				CLANG_WARN_OBJC_ROOT_CLASS = YES_ERROR;
				CLANG_WARN_RANGE_LOOP_ANALYSIS = YES;
				CLANG_WARN_STRICT_PROTOTYPES = YES;
				CLANG_WARN_SUSPICIOUS_MOVE = YES;
				CLANG_WARN_UNGUARDED_AVAILABILITY = YES_AGGRESSIVE;
				CLANG_WARN_UNREACHABLE_CODE = YES;
				CLANG_WARN__DUPLICATE_METHOD_MATCH = YES;
				CODE_SIGN_IDENTITY = "-";
				COPY_PHASE_STRIP = NO;
				DEBUG_INFORMATION_FORMAT = "dwarf-with-dsym";
				ENABLE_NS_ASSERTIONS = NO;
				ENABLE_STRICT_OBJC_MSGSEND = YES;
				GCC_C_LANGUAGE_STANDARD = gnu11;
				GCC_NO_COMMON_BLOCKS = YES;
				GCC_WARN_64_TO_32_BIT_CONVERSION = YES;
				GCC_WARN_ABOUT_RETURN_TYPE = YES_ERROR;
				GCC_WARN_UNDECLARED_SELECTOR = YES;
				GCC_WARN_UNINITIALIZED_AUTOS = YES_AGGRESSIVE;
				GCC_WARN_UNUSED_FUNCTION = YES;
				GCC_WARN_UNUSED_VARIABLE = YES;
				MACOSX_DEPLOYMENT_TARGET = 10.13;
				MTL_ENABLE_DEBUG_INFO = NO;
				MTL_FAST_MATH = YES;
				SDKROOT = macosx;
				SWIFT_COMPILATION_MODE = wholemodule;
				SWIFT_OPTIMIZATION_LEVEL = "-O";
			};
			name = Release;
		};
		E0B9AF60215454BF00D7CEBE /* Debug */ = {
			isa = XCBuildConfiguration;
			baseConfigurationReference = 830834C1F8BCCBA13A5A62AA /* Pods-MontyAPRS.debug.xcconfig */;
			buildSettings = {
				ASSETCATALOG_COMPILER_APPICON_NAME = AppIcon;
				CODE_SIGN_IDENTITY = "Mac Developer";
				CODE_SIGN_STYLE = Automatic;
				COMBINE_HIDPI_IMAGES = YES;
				DEVELOPMENT_TEAM = DJDL9D8S88;
				INFOPLIST_FILE = MontyAPRS/Info.plist;
				LD_RUNPATH_SEARCH_PATHS = (
					"$(inherited)",
					"@executable_path/../Frameworks",
				);
				PRODUCT_BUNDLE_IDENTIFIER = montynet.org.MontyAPRS;
				PRODUCT_NAME = "$(TARGET_NAME)";
				PROVISIONING_PROFILE_SPECIFIER = "";
				SWIFT_VERSION = 4.2;
			};
			name = Debug;
		};
		E0B9AF61215454BF00D7CEBE /* Release */ = {
			isa = XCBuildConfiguration;
			baseConfigurationReference = 42FC40ED9D6A9C83466F6108 /* Pods-MontyAPRS.release.xcconfig */;
			buildSettings = {
				ASSETCATALOG_COMPILER_APPICON_NAME = AppIcon;
				CODE_SIGN_IDENTITY = "Mac Developer";
				CODE_SIGN_STYLE = Automatic;
				COMBINE_HIDPI_IMAGES = YES;
				DEVELOPMENT_TEAM = DJDL9D8S88;
				INFOPLIST_FILE = MontyAPRS/Info.plist;
				LD_RUNPATH_SEARCH_PATHS = (
					"$(inherited)",
					"@executable_path/../Frameworks",
				);
				PRODUCT_BUNDLE_IDENTIFIER = montynet.org.MontyAPRS;
				PRODUCT_NAME = "$(TARGET_NAME)";
				PROVISIONING_PROFILE_SPECIFIER = "";
				SWIFT_VERSION = 4.2;
			};
			name = Release;
		};
		E0E9C9372161893A0010E1A5 /* Debug */ = {
			isa = XCBuildConfiguration;
			buildSettings = {
				BUNDLE_LOADER = "$(TEST_HOST)";
				CODE_SIGN_IDENTITY = "Mac Developer";
				CODE_SIGN_STYLE = Automatic;
				COMBINE_HIDPI_IMAGES = YES;
				DEVELOPMENT_TEAM = DJDL9D8S88;
				INFOPLIST_FILE = MontyAPRSTests/Info.plist;
				LD_RUNPATH_SEARCH_PATHS = (
					"$(inherited)",
					"@executable_path/../Frameworks",
					"@loader_path/../Frameworks",
				);
				PRODUCT_BUNDLE_IDENTIFIER = montynet.org.MontyAPRSTests;
				PRODUCT_NAME = "$(TARGET_NAME)";
				SWIFT_VERSION = 4.2;
				TEST_HOST = "$(BUILT_PRODUCTS_DIR)/MontyAPRS.app/Contents/MacOS/MontyAPRS";
			};
			name = Debug;
		};
		E0E9C9382161893A0010E1A5 /* Release */ = {
			isa = XCBuildConfiguration;
			buildSettings = {
				BUNDLE_LOADER = "$(TEST_HOST)";
				CODE_SIGN_IDENTITY = "Mac Developer";
				CODE_SIGN_STYLE = Automatic;
				COMBINE_HIDPI_IMAGES = YES;
				DEVELOPMENT_TEAM = DJDL9D8S88;
				INFOPLIST_FILE = MontyAPRSTests/Info.plist;
				LD_RUNPATH_SEARCH_PATHS = (
					"$(inherited)",
					"@executable_path/../Frameworks",
					"@loader_path/../Frameworks",
				);
				PRODUCT_BUNDLE_IDENTIFIER = montynet.org.MontyAPRSTests;
				PRODUCT_NAME = "$(TARGET_NAME)";
				SWIFT_VERSION = 4.2;
				TEST_HOST = "$(BUILT_PRODUCTS_DIR)/MontyAPRS.app/Contents/MacOS/MontyAPRS";
			};
			name = Release;
		};
/* End XCBuildConfiguration section */

/* Begin XCConfigurationList section */
		E0B9AF34215454BD00D7CEBE /* Build configuration list for PBXProject "MontyAPRS" */ = {
			isa = XCConfigurationList;
			buildConfigurations = (
				E0B9AF5D215454BF00D7CEBE /* Debug */,
				E0B9AF5E215454BF00D7CEBE /* Release */,
			);
			defaultConfigurationIsVisible = 0;
			defaultConfigurationName = Release;
		};
		E0B9AF5F215454BF00D7CEBE /* Build configuration list for PBXNativeTarget "MontyAPRS" */ = {
			isa = XCConfigurationList;
			buildConfigurations = (
				E0B9AF60215454BF00D7CEBE /* Debug */,
				E0B9AF61215454BF00D7CEBE /* Release */,
			);
			defaultConfigurationIsVisible = 0;
			defaultConfigurationName = Release;
		};
		E0E9C9362161893A0010E1A5 /* Build configuration list for PBXNativeTarget "MontyAPRSTests" */ = {
			isa = XCConfigurationList;
			buildConfigurations = (
				E0E9C9372161893A0010E1A5 /* Debug */,
				E0E9C9382161893A0010E1A5 /* Release */,
			);
			defaultConfigurationIsVisible = 0;
			defaultConfigurationName = Release;
		};
/* End XCConfigurationList section */
	};
	rootObject = E0B9AF31215454BD00D7CEBE /* Project object */;
}
